
Microsoft Visual Studio Solution File, Format Version 12.00
# Visual Studio Version 17
VisualStudioVersion = 17.1.31911.260
MinimumVisualStudioVersion = 10.0.40219.1
Project("{FAE04EC0-301F-11D3-BF4B-00C04F79EFBC}") = "HelloSourceControl", "HelloSourceControl\HelloSourceControl.csproj", "{D6790EC2-7C6E-4E16-A230-FE4CDB696C2E}"
EndProject
Global
	GlobalSection(SolutionConfigurationPlatforms) = preSolution
		Debug|Any CPU = Debug|Any CPU
		Release|Any CPU = Release|Any CPU
	EndGlobalSection
	GlobalSection(ProjectConfigurationPlatforms) = postSolution
		{D6790EC2-7C6E-4E16-A230-FE4CDB696C2E}.Debug|Any CPU.ActiveCfg = Debug|Any CPU
		{D6790EC2-7C6E-4E16-A230-FE4CDB696C2E}.Debug|Any CPU.Build.0 = Debug|Any CPU
		{D6790EC2-7C6E-4E16-A230-FE4CDB696C2E}.Release|Any CPU.ActiveCfg = Release|Any CPU
		{D6790EC2-7C6E-4E16-A230-FE4CDB696C2E}.Release|Any CPU.Build.0 = Release|Any CPU
	EndGlobalSection
	GlobalSection(SolutionProperties) = preSolution
		HideSolutionNode = FALSE
	EndGlobalSection
	GlobalSection(ExtensibilityGlobals) = postSolution
		SolutionGuid = {29B2643C-B3B0-4A92-AB10-F3EAB1D257AF}
	EndGlobalSection
EndGlobal
